github.com/ikawaha/da v0.0.0-20141126165404-5556b9e515ca h1:Ye8wDuFVpINaiKj26eAOwmqBAWDEEVdhgEtyUCfUMw8=
github.com/ikawaha/da v0.0.0-20141126165404-5556b9e515ca/go.mod h1:JZfcL9+WaPkxDS7OBk09o8VkkV7YYI9yLQG610HxZds=
github.com/k0kubun/go-ansi v0.0.0-20180517002512-3bf9e2903213 h1:qGQQKEcAR99REcMpsXCp3lJ03zYT1PkRd3kQGPn9GVg=
github.com/k0kubun/go-ansi v0.0.0-20180517002512-3bf9e2903213/go.mod h1:vNUNkEQ1e29fT/6vq2aBdFsgNPmy8qMdSay1npru+Sw=
github.com/mattn/go-isatty v0.0.4 h1:bnP0vzxcAdeI1zdubAl5PjU6zsERjGZb7raWodagDYs=
github.com/mattn/go-isatty v0.0.4/go.mod h1:M+lRXTBqGeGNdLjl/ufCoiOlB5xdOkqRJdNxMWT7Zi4=
github.com/mitchellh/colorstring v0.0.0-20150917214807-8631ce90f286 h1:KHyL+3mQOF9sPfs26lsefckcFNDcIZtiACQiECzIUkw=
github.com/mitchellh/colorstring v0.0.0-20150917214807-8631ce90f286/go.mod h1:l0dey0ia/Uv7NcFFVbCLtqEBQbrT4OCwCSKTEv6enCw=
github.com/schollz/progressbar/v2 v2.7.1 h1:wEojKO9r+zgGEEgJSsu7QcVAM0NeEP64Ad4lHK12A5A=
github.com/schollz/progressbar/v2 v2.7.1/go.mod h1:l6tn6yU6ZdQoF8lwX/VoAUQ3FjhCbrcZDnl9xeWZzYw=
golang.org/x/sys v0.0.0-20181116161606-93218def8b18 h1:Wh+XCfg3kNpjhdq2LXrsiOProjtQZKme5XUx7VcxwAw=
golang.org/x/sys v0.0.0-20181116161606-93218def8b18/go.mod h1:STP8DvDyc/dI5b8T5hshtkjS+E42TnysNCUPdjciGhY=
